{
  "requires": true,
  "lockfileVersion": 1,
  "dependencies": {
    "angular-resizable-element": {
      "version": "3.2.4",
      "resolved": "https://registry.npmjs.org/angular-resizable-element/-/angular-resizable-element-3.2.4.tgz",
      "integrity": "sha512-Qd/WRTaJgmDJoeWzmK0F52I3X0nLtFPirmsVC2ceic4EQ/3X2yYFCOWgCtH+PvMZct6Whoky3OQLqCpFXQsKHQ==",
      "requires": {
        "tslib": "^1.9.0"
      }
    },
    "ng-terminal": {
      "version": "2.2.1",
      "resolved": "https://registry.npmjs.org/ng-terminal/-/ng-terminal-2.2.1.tgz",
      "integrity": "sha512-W5F7mZdvgrJY14w+SPpwBfIcAawflvM8Z+qtt/NOziFUjILQut12C+vTBZ/WcGhtU3S2cN0/M2QJ/iArIzKiwA==",
      "requires": {
        "angular-resizable-element": "^3.2.4",
        "tslib": "^1.9.0",
        "xterm": "^3.14.5"
      }
    },
    "tslib": {
      "version": "1.10.0",
      "resolved": "https://registry.npmjs.org/tslib/-/tslib-1.10.0.tgz",
      "integrity": "sha512-qOebF53frne81cf0S9B41ByenJ3/IuH8yJKngAX35CmiZySA0khhkovshKK+jGCaMnVomla7gVlIcc3EvKPbTQ=="
    },
    "xterm": {
      "version": "3.14.5",
      "resolved": "https://registry.npmjs.org/xterm/-/xterm-3.14.5.tgz",
      "integrity": "sha512-DVmQ8jlEtL+WbBKUZuMxHMBgK/yeIZwkXB81bH+MGaKKnJGYwA+770hzhXPfwEIokK9On9YIFPRleVp/5G7z9g=="
    }
  }
}
